// !$*UTF8*$!
{
	archiveVersion = 1;
	classes = {
	};
	objectVersion = 48;
	objects = {

/* Begin PBXBuildFile section */
		2AD112F41FAFEC490046380A /* AppDelegate.swift in Sources */ = {isa = PBXBuildFile; fileRef = 2AD112F31FAFEC490046380A /* AppDelegate.swift */; };
		2AD112F61FAFEC490046380A /* ViewController.swift in Sources */ = {isa = PBXBuildFile; fileRef = 2AD112F51FAFEC490046380A /* ViewController.swift */; };
		2AD112F81FAFEC490046380A /* Assets.xcassets in Resources */ = {isa = PBXBuildFile; fileRef = 2AD112F71FAFEC490046380A /* Assets.xcassets */; };
		2AD112FB1FAFEC490046380A /* Main.storyboard in Resources */ = {isa = PBXBuildFile; fileRef = 2AD112F91FAFEC490046380A /* Main.storyboard */; };
		2AD113071FAFF1A90046380A /* ToolbarVC.swift in Sources */ = {isa = PBXBuildFile; fileRef = 2AD113061FAFF1A90046380A /* ToolbarVC.swift */; };
		2AD113091FAFF1D00046380A /* ChannelVC.swift in Sources */ = {isa = PBXBuildFile; fileRef = 2AD113081FAFF1D00046380A /* ChannelVC.swift */; };
		2AD1130B1FAFF4630046380A /* ChatVC.swift in Sources */ = {isa = PBXBuildFile; fileRef = 2AD1130A1FAFF4630046380A /* ChatVC.swift */; };
		2AD1130E1FAFF6270046380A /* MainWindowController.swift in Sources */ = {isa = PBXBuildFile; fileRef = 2AD1130C1FAFF6270046380A /* MainWindowController.swift */; };
		2AD113121FB000F10046380A /* Constants.swift in Sources */ = {isa = PBXBuildFile; fileRef = 2AD113111FB000F10046380A /* Constants.swift */; };
/* End PBXBuildFile section */

/* Begin PBXFileReference section */
		2AD112F01FAFEC490046380A /* Slakish.app */ = {isa = PBXFileReference; explicitFileType = wrapper.application; includeInIndex = 0; path = Slakish.app; sourceTree = BUILT_PRODUCTS_DIR; };
		2AD112F31FAFEC490046380A /* AppDelegate.swift */ = {isa = PBXFileReference; lastKnownFileType = sourcecode.swift; path = AppDelegate.swift; sourceTree = "<group>"; };
		2AD112F51FAFEC490046380A /* ViewController.swift */ = {isa = PBXFileReference; lastKnownFileType = sourcecode.swift; path = ViewController.swift; sourceTree = "<group>"; };
		2AD112F71FAFEC490046380A /* Assets.xcassets */ = {isa = PBXFileReference; lastKnownFileType = folder.assetcatalog; path = Assets.xcassets; sourceTree = "<group>"; };
		2AD112FA1FAFEC490046380A /* Base */ = {isa = PBXFileReference; lastKnownFileType = file.storyboard; name = Base; path = Base.lproj/Main.storyboard; sourceTree = "<group>"; };
		2AD112FC1FAFEC490046380A /* Info.plist */ = {isa = PBXFileReference; lastKnownFileType = text.plist.xml; path = Info.plist; sourceTree = "<group>"; };
		2AD112FD1FAFEC490046380A /* Slakish.entitlements */ = {isa = PBXFileReference; lastKnownFileType = text.plist.entitlements; path = Slakish.entitlements; sourceTree = "<group>"; };
		2AD113061FAFF1A90046380A /* ToolbarVC.swift */ = {isa = PBXFileReference; lastKnownFileType = sourcecode.swift; path = ToolbarVC.swift; sourceTree = "<group>"; };
		2AD113081FAFF1D00046380A /* ChannelVC.swift */ = {isa = PBXFileReference; lastKnownFileType = sourcecode.swift; path = ChannelVC.swift; sourceTree = "<group>"; };
		2AD1130A1FAFF4630046380A /* ChatVC.swift */ = {isa = PBXFileReference; lastKnownFileType = sourcecode.swift; path = ChatVC.swift; sourceTree = "<group>"; };
		2AD1130C1FAFF6270046380A /* MainWindowController.swift */ = {isa = PBXFileReference; lastKnownFileType = sourcecode.swift; path = MainWindowController.swift; sourceTree = "<group>"; };
		2AD113111FB000F10046380A /* Constants.swift */ = {isa = PBXFileReference; lastKnownFileType = sourcecode.swift; path = Constants.swift; sourceTree = "<group>"; };
/* End PBXFileReference section */

/* Begin PBXFrameworksBuildPhase section */
		2AD112ED1FAFEC490046380A /* Frameworks */ = {
			isa = PBXFrameworksBuildPhase;
			buildActionMask = 2147483647;
			files = (
			);
			runOnlyForDeploymentPostprocessing = 0;
		};
/* End PBXFrameworksBuildPhase section */

/* Begin PBXGroup section */
		2AD112E71FAFEC490046380A = {
			isa = PBXGroup;
			children = (
				2AD112F21FAFEC490046380A /* Slakish */,
				2AD112F11FAFEC490046380A /* Products */,
			);
			sourceTree = "<group>";
		};
		2AD112F11FAFEC490046380A /* Products */ = {
			isa = PBXGroup;
			children = (
				2AD112F01FAFEC490046380A /* Slakish.app */,
			);
			name = Products;
			sourceTree = "<group>";
		};
		2AD112F21FAFEC490046380A /* Slakish */ = {
			isa = PBXGroup;
			children = (
				2AD113101FB000D60046380A /* Utilities */,
				2AD113051FAFEF5E0046380A /* Model */,
				2AD113041FAFEF4D0046380A /* View */,
				2AD113031FAFEF400046380A /* Controller */,
				2AD112F31FAFEC490046380A /* AppDelegate.swift */,
				2AD112F51FAFEC490046380A /* ViewController.swift */,
				2AD112F71FAFEC490046380A /* Assets.xcassets */,
				2AD112F91FAFEC490046380A /* Main.storyboard */,
				2AD112FC1FAFEC490046380A /* Info.plist */,
				2AD112FD1FAFEC490046380A /* Slakish.entitlements */,
			);
			path = Slakish;
			sourceTree = "<group>";
		};
		2AD113031FAFEF400046380A /* Controller */ = {
			isa = PBXGroup;
			children = (
				2AD113061FAFF1A90046380A /* ToolbarVC.swift */,
				2AD113081FAFF1D00046380A /* ChannelVC.swift */,
				2AD1130A1FAFF4630046380A /* ChatVC.swift */,
				2AD1130C1FAFF6270046380A /* MainWindowController.swift */,
			);
			path = Controller;
			sourceTree = "<group>";
		};
		2AD113041FAFEF4D0046380A /* View */ = {
			isa = PBXGroup;
			children = (
			);
			path = View;
			sourceTree = "<group>";
		};
		2AD113051FAFEF5E0046380A /* Model */ = {
			isa = PBXGroup;
			children = (
			);
			path = Model;
			sourceTree = "<group>";
		};
		2AD113101FB000D60046380A /* Utilities */ = {
			isa = PBXGroup;
			children = (
				2AD113111FB000F10046380A /* Constants.swift */,
			);
			path = Utilities;
			sourceTree = "<group>";
		};
/* End PBXGroup section */

/* Begin PBXNativeTarget section */
		2AD112EF1FAFEC490046380A /* Slakish */ = {
			isa = PBXNativeTarget;
			buildConfigurationList = 2AD113001FAFEC490046380A /* Build configuration list for PBXNativeTarget "Slakish" */;
			buildPhases = (
				2AD112EC1FAFEC490046380A /* Sources */,
				2AD112ED1FAFEC490046380A /* Frameworks */,
				2AD112EE1FAFEC490046380A /* Resources */,
			);
			buildRules = (
			);
			dependencies = (
			);
			name = Slakish;
			productName = Slakish;
			productReference = 2AD112F01FAFEC490046380A /* Slakish.app */;
			productType = "com.apple.product-type.application";
		};
/* End PBXNativeTarget section */

/* Begin PBXProject section */
		2AD112E81FAFEC490046380A /* Project object */ = {
			isa = PBXProject;
			attributes = {
				LastSwiftUpdateCheck = 0910;
				LastUpgradeCheck = 0910;
				ORGANIZATIONNAME = Dmitrii;
				TargetAttributes = {
					2AD112EF1FAFEC490046380A = {
						CreatedOnToolsVersion = 9.1;
						ProvisioningStyle = Automatic;
					};
				};
			};
			buildConfigurationList = 2AD112EB1FAFEC490046380A /* Build configuration list for PBXProject "Slakish" */;
			compatibilityVersion = "Xcode 8.0";
			developmentRegion = en;
			hasScannedForEncodings = 0;
			knownRegions = (
				en,
				Base,
			);
			mainGroup = 2AD112E71FAFEC490046380A;
			productRefGroup = 2AD112F11FAFEC490046380A /* Products */;
			projectDirPath = "";
			projectRoot = "";
			targets = (
				2AD112EF1FAFEC490046380A /* Slakish */,
			);
		};
/* End PBXProject section */

/* Begin PBXResourcesBuildPhase section */
		2AD112EE1FAFEC490046380A /* Resources */ = {
			isa = PBXResourcesBuildPhase;
			buildActionMask = 2147483647;
			files = (
				2AD112F81FAFEC490046380A /* Assets.xcassets in Resources */,
				2AD112FB1FAFEC490046380A /* Main.storyboard in Resources */,
			);
			runOnlyForDeploymentPostprocessing = 0;
		};
/* End PBXResourcesBuildPhase section */

/* Begin PBXSourcesBuildPhase section */
		2AD112EC1FAFEC490046380A /* Sources */ = {
			isa = PBXSourcesBuildPhase;
			buildActionMask = 2147483647;
			files = (
				2AD113091FAFF1D00046380A /* ChannelVC.swift in Sources */,
				2AD113071FAFF1A90046380A /* ToolbarVC.swift in Sources */,
				2AD1130E1FAFF6270046380A /* MainWindowController.swift in Sources */,
				2AD112F61FAFEC490046380A /* ViewController.swift in Sources */,
				2AD113121FB000F10046380A /* Constants.swift in Sources */,
				2AD112F41FAFEC490046380A /* AppDelegate.swift in Sources */,
				2AD1130B1FAFF4630046380A /* ChatVC.swift in Sources */,
			);
			runOnlyForDeploymentPostprocessing = 0;
		};
/* End PBXSourcesBuildPhase section */

/* Begin PBXVariantGroup section */
		2AD112F91FAFEC490046380A /* Main.storyboard */ = {
			isa = PBXVariantGroup;
			children = (
				2AD112FA1FAFEC490046380A /* Base */,
			);
			name = Main.storyboard;
			sourceTree = "<group>";
		};
/* End PBXVariantGroup section */

/* Begin XCBuildConfiguration section */
		2AD112FE1FAFEC490046380A /* Debug */ = {
			isa = XCBuildConfiguration;
			buildSettings = {
				ALWAYS_SEARCH_USER_PATHS = NO;
				CLANG_ANALYZER_NONNULL = YES;
				CLANG_ANALYZER_NUMBER_OBJECT_CONVERSION = YES_AGGRESSIVE;
				CLANG_CXX_LANGUAGE_STANDARD = "gnu++14";
				CLANG_CXX_LIBRARY = "libc++";
				CLANG_ENABLE_MODULES = YES;
				CLANG_ENABLE_OBJC_ARC = YES;
				CLANG_WARN_BLOCK_CAPTURE_AUTORELEASING = YES;
				CLANG_WARN_BOOL_CONVERSION = YES;
				CLANG_WARN_COMMA = YES;
				CLANG_WARN_CONSTANT_CONVERSION = YES;
				CLANG_WARN_DIRECT_OBJC_ISA_USAGE = YES_ERROR;
				CLANG_WARN_DOCUMENTATION_COMMENTS = YES;
				CLANG_WARN_EMPTY_BODY = YES;
				CLANG_WARN_ENUM_CONVERSION = YES;
				CLANG_WARN_INFINITE_RECURSION = YES;
				CLANG_WARN_INT_CONVERSION = YES;
				CLANG_WARN_NON_LITERAL_NULL_CONVERSION = YES;
				CLANG_WARN_OBJC_LITERAL_CONVERSION = YES;
				CLANG_WARN_OBJC_ROOT_CLASS = YES_ERROR;
				CLANG_WARN_RANGE_LOOP_ANALYSIS = YES;
				CLANG_WARN_STRICT_PROTOTYPES = YES;
				CLANG_WARN_SUSPICIOUS_MOVE = YES;
				CLANG_WARN_UNGUARDED_AVAILABILITY = YES_AGGRESSIVE;
				CLANG_WARN_UNREACHABLE_CODE = YES;
				CLANG_WARN__DUPLICATE_METHOD_MATCH = YES;
				CODE_SIGN_IDENTITY = "-";
				COPY_PHASE_STRIP = NO;
				DEBUG_INFORMATION_FORMAT = dwarf;
				ENABLE_STRICT_OBJC_MSGSEND = YES;
				ENABLE_TESTABILITY = YES;
				GCC_C_LANGUAGE_STANDARD = gnu11;
				GCC_DYNAMIC_NO_PIC = NO;
				GCC_NO_COMMON_BLOCKS = YES;
				GCC_OPTIMIZATION_LEVEL = 0;
				GCC_PREPROCESSOR_DEFINITIONS = (
					"DEBUG=1",
					"$(inherited)",
				);
				GCC_WARN_64_TO_32_BIT_CONVERSION = YES;
				GCC_WARN_ABOUT_RETURN_TYPE = YES_ERROR;
				GCC_WARN_UNDECLARED_SELECTOR = YES;
				GCC_WARN_UNINITIALIZED_AUTOS = YES_AGGRESSIVE;
				GCC_WARN_UNUSED_FUNCTION = YES;
				GCC_WARN_UNUSED_VARIABLE = YES;
				MACOSX_DEPLOYMENT_TARGET = 10.12;
				MTL_ENABLE_DEBUG_INFO = YES;
				ONLY_ACTIVE_ARCH = YES;
				SDKROOT = macosx;
				SWIFT_ACTIVE_COMPILATION_CONDITIONS = DEBUG;
				SWIFT_OPTIMIZATION_LEVEL = "-Onone";
			};
			name = Debug;
		};
		2AD112FF1FAFEC490046380A /* Release */ = {
			isa = XCBuildConfiguration;
			buildSettings = {
				ALWAYS_SEARCH_USER_PATHS = NO;
				CLANG_ANALYZER_NONNULL = YES;
				CLANG_ANALYZER_NUMBER_OBJECT_CONVERSION = YES_AGGRESSIVE;
				CLANG_CXX_LANGUAGE_STANDARD = "gnu++14";
				CLANG_CXX_LIBRARY = "libc++";
				CLANG_ENABLE_MODULES = YES;
				CLANG_ENABLE_OBJC_ARC = YES;
				CLANG_WARN_BLOCK_CAPTURE_AUTORELEASING = YES;
				CLANG_WARN_BOOL_CONVERSION = YES;
				CLANG_WARN_COMMA = YES;
				CLANG_WARN_CONSTANT_CONVERSION = YES;
				CLANG_WARN_DIRECT_OBJC_ISA_USAGE = YES_ERROR;
				CLANG_WARN_DOCUMENTATION_COMMENTS = YES;
				CLANG_WARN_EMPTY_BODY = YES;
				CLANG_WARN_ENUM_CONVERSION = YES;
				CLANG_WARN_INFINITE_RECURSION = YES;
				CLANG_WARN_INT_CONVERSION = YES;
				CLANG_WARN_NON_LITERAL_NULL_CONVERSION = YES;
				CLANG_WARN_OBJC_LITERAL_CONVERSION = YES;
				CLANG_WARN_OBJC_ROOT_CLASS = YES_ERROR;
				CLANG_WARN_RANGE_LOOP_ANALYSIS = YES;
				CLANG_WARN_STRICT_PROTOTYPES = YES;
				CLANG_WARN_SUSPICIOUS_MOVE = YES;
				CLANG_WARN_UNGUARDED_AVAILABILITY = YES_AGGRESSIVE;
				CLANG_WARN_UNREACHABLE_CODE = YES;
				CLANG_WARN__DUPLICATE_METHOD_MATCH = YES;
				CODE_SIGN_IDENTITY = "-";
				COPY_PHASE_STRIP = NO;
				DEBUG_INFORMATION_FORMAT = "dwarf-with-dsym";
				ENABLE_NS_ASSERTIONS = NO;
				ENABLE_STRICT_OBJC_MSGSEND = YES;
				GCC_C_LANGUAGE_STANDARD = gnu11;
				GCC_NO_COMMON_BLOCKS = YES;
				GCC_WARN_64_TO_32_BIT_CONVERSION = YES;
				GCC_WARN_ABOUT_RETURN_TYPE = YES_ERROR;
				GCC_WARN_UNDECLARED_SELECTOR = YES;
				GCC_WARN_UNINITIALIZED_AUTOS = YES_AGGRESSIVE;
				GCC_WARN_UNUSED_FUNCTION = YES;
				GCC_WARN_UNUSED_VARIABLE = YES;
				MACOSX_DEPLOYMENT_TARGET = 10.12;
				MTL_ENABLE_DEBUG_INFO = NO;
				SDKROOT = macosx;
				SWIFT_OPTIMIZATION_LEVEL = "-Owholemodule";
			};
			name = Release;
		};
		2AD113011FAFEC490046380A /* Debug */ = {
			isa = XCBuildConfiguration;
			buildSettings = {
				ASSETCATALOG_COMPILER_APPICON_NAME = AppIcon;
				CODE_SIGN_ENTITLEMENTS = Slakish/Slakish.entitlements;
				CODE_SIGN_STYLE = Automatic;
				COMBINE_HIDPI_IMAGES = YES;
				INFOPLIST_FILE = Slakish/Info.plist;
				LD_RUNPATH_SEARCH_PATHS = "$(inherited) @executable_path/../Frameworks";
				PRODUCT_BUNDLE_IDENTIFIER = Dmitrii.Slakish;
				PRODUCT_NAME = "$(TARGET_NAME)";
				SWIFT_VERSION = 4.0;
			};
			name = Debug;
		};
		2AD113021FAFEC490046380A /* Release */ = {
			isa = XCBuildConfiguration;
			buildSettings = {
				ASSETCATALOG_COMPILER_APPICON_NAME = AppIcon;
				CODE_SIGN_ENTITLEMENTS = Slakish/Slakish.entitlements;
				CODE_SIGN_STYLE = Automatic;
				COMBINE_HIDPI_IMAGES = YES;
				INFOPLIST_FILE = Slakish/Info.plist;
				LD_RUNPATH_SEARCH_PATHS = "$(inherited) @executable_path/../Frameworks";
				PRODUCT_BUNDLE_IDENTIFIER = Dmitrii.Slakish;
				PRODUCT_NAME = "$(TARGET_NAME)";
				SWIFT_VERSION = 4.0;
			};
			name = Release;
		};
/* End XCBuildConfiguration section */

/* Begin XCConfigurationList section */
		2AD112EB1FAFEC490046380A /* Build configuration list for PBXProject "Slakish" */ = {
			isa = XCConfigurationList;
			buildConfigurations = (
				2AD112FE1FAFEC490046380A /* Debug */,
				2AD112FF1FAFEC490046380A /* Release */,
			);
			defaultConfigurationIsVisible = 0;
			defaultConfigurationName = Release;
		};
		2AD113001FAFEC490046380A /* Build configuration list for PBXNativeTarget "Slakish" */ = {
			isa = XCConfigurationList;
			buildConfigurations = (
				2AD113011FAFEC490046380A /* Debug */,
				2AD113021FAFEC490046380A /* Release */,
			);
			defaultConfigurationIsVisible = 0;
			defaultConfigurationName = Release;
		};
/* End XCConfigurationList section */
	};
	rootObject = 2AD112E81FAFEC490046380A /* Project object */;
}
